# This file is automatically @generated by Cargo.
# It is not intended for manual editing.
version = 3

[[package]]
name = "Reverser"
version = "0.1.0"
dependencies = [
 "ascii_converter",
]

[[package]]
name = "ascii_converter"
version = "0.2.3"
source = "registry+https://github.com/rust-lang/crates.io-index"
checksum = "9227648668415cba3376d45fe1f6a3ea259ea1592407a9d27d78e5b05bb2a8b5"
